
Microsoft Visual Studio Solution File, Format Version 12.00
# Visual Studio Version 17
VisualStudioVersion = 17.14.36705.20 d17.14
MinimumVisualStudioVersion = 10.0.40219.1
Project("{FAE04EC0-301F-11D3-BF4B-00C04F79EFBC}") = "HealthTrackerApp", "HealthTrackerApp\HealthTrackerApp.csproj", "{80FAF1FA-FA89-44FD-B371-7DE79D903A3D}"
EndProject
Global
	GlobalSection(SolutionConfigurationPlatforms) = preSolution
		Debug|Any CPU = Debug|Any CPU
		Release|Any CPU = Release|Any CPU
	EndGlobalSection
	GlobalSection(ProjectConfigurationPlatforms) = postSolution
		{80FAF1FA-FA89-44FD-B371-7DE79D903A3D}.Debug|Any CPU.ActiveCfg = Debug|Any CPU
		{80FAF1FA-FA89-44FD-B371-7DE79D903A3D}.Debug|Any CPU.Build.0 = Debug|Any CPU
		{80FAF1FA-FA89-44FD-B371-7DE79D903A3D}.Release|Any CPU.ActiveCfg = Release|Any CPU
		{80FAF1FA-FA89-44FD-B371-7DE79D903A3D}.Release|Any CPU.Build.0 = Release|Any CPU
	EndGlobalSection
	GlobalSection(SolutionProperties) = preSolution
		HideSolutionNode = FALSE
	EndGlobalSection
	GlobalSection(ExtensibilityGlobals) = postSolution
		SolutionGuid = {5D499991-4FB6-4337-B7F6-6B872CF065CF}
	EndGlobalSection
EndGlobal
